
Microsoft Visual Studio Solution File, Format Version 12.00
# Visual Studio Version 16
VisualStudioVersion = 16.0.29509.3
MinimumVisualStudioVersion = 10.0.40219.1
Project("{FAE04EC0-301F-11D3-BF4B-00C04F79EFBC}") = "GreetingFlow.Tests.Feature", "GreetingFlow.Tests.Feature\GreetingFlow.Tests.Feature.csproj", "{A2D11558-423A-4A60-BFEF-FC487E08F775}"
EndProject
Global
	GlobalSection(SolutionConfigurationPlatforms) = preSolution
		Debug|Any CPU = Debug|Any CPU
		Release|Any CPU = Release|Any CPU
	EndGlobalSection
	GlobalSection(ProjectConfigurationPlatforms) = postSolution
		{A2D11558-423A-4A60-BFEF-FC487E08F775}.Debug|Any CPU.ActiveCfg = Debug|Any CPU
		{A2D11558-423A-4A60-BFEF-FC487E08F775}.Debug|Any CPU.Build.0 = Debug|Any CPU
		{A2D11558-423A-4A60-BFEF-FC487E08F775}.Release|Any CPU.ActiveCfg = Release|Any CPU
		{A2D11558-423A-4A60-BFEF-FC487E08F775}.Release|Any CPU.Build.0 = Release|Any CPU
	EndGlobalSection
	GlobalSection(SolutionProperties) = preSolution
		HideSolutionNode = FALSE
	EndGlobalSection
	GlobalSection(ExtensibilityGlobals) = postSolution
		SolutionGuid = {E78D76E2-0A00-4DE4-8DBB-98E16B308572}
	EndGlobalSection
EndGlobal
